
Microsoft Visual Studio Solution File, Format Version 12.00
# Visual Studio Version 17
VisualStudioVersion = 17.4.33027.239
MinimumVisualStudioVersion = 10.0.40219.1
Project("{9A19103F-16F7-4668-BE54-9A1E7A4F7556}") = "Capsium.Contracts", "Capsium.Contracts\Capsium.Contracts.csproj", "{870699B1-0688-485A-8080-64D4897C0AAE}"
EndProject
Project("{9A19103F-16F7-4668-BE54-9A1E7A4F7556}") = "Capsium.Logging", "Capsium.Logging\Capsium.Logging.csproj", "{37A7FB23-4FD2-4038-BDBB-477FF0EECD44}"
EndProject
Project("{9A19103F-16F7-4668-BE54-9A1E7A4F7556}") = "Capsium.Units", "Capsium.Units\Capsium.Units.csproj", "{7040606C-E69D-429A-BBDA-08C88E17152F}"
EndProject
Project("{2150E333-8FDC-42A3-9474-1A3956D46DE8}") = "Libs", "Libs", "{73772C68-EF2D-41C1-9F91-2FCAF9BC8DA9}"
EndProject
Project("{2150E333-8FDC-42A3-9474-1A3956D46DE8}") = "Bus", "Bus", "{16973FE6-7D7D-4E90-8445-5DF1203A9533}"
EndProject
Project("{9A19103F-16F7-4668-BE54-9A1E7A4F7556}") = "Capsium.Modbus", "Capsium.Modbus\Capsium.Modbus.csproj", "{7F80390E-3DA7-4277-811B-CD954CB51C65}"
EndProject
Project("{2150E333-8FDC-42A3-9474-1A3956D46DE8}") = "Core", "Core", "{5D6B2C4C-CAC3-4194-A407-75AA827AC639}"
EndProject
Project("{9A19103F-16F7-4668-BE54-9A1E7A4F7556}") = "Capsium.Core", "Capsium.Core\Capsium.Core.csproj", "{9B37C410-6C53-4925-982B-5719018FC019}"
EndProject
Project("{2150E333-8FDC-42A3-9474-1A3956D46DE8}") = "Implementation", "Implementation", "{B5682564-9188-41A7-A865-7DE74753F941}"
EndProject
Project("{2150E333-8FDC-42A3-9474-1A3956D46DE8}") = "Linux", "Linux", "{EED328B0-BBC0-43E0-AA72-6196FB80C2EF}"
EndProject
Project("{2150E333-8FDC-42A3-9474-1A3956D46DE8}") = "Windows", "Windows", "{C05AA01F-5007-4D8A-AD1E-DD6B559D2BDD}"
EndProject
Project("{2150E333-8FDC-42A3-9474-1A3956D46DE8}") = "Simulation", "Simulation", "{FBE3CD53-D08A-4AA0-B1CA-C45026963B58}"
EndProject
Project("{9A19103F-16F7-4668-BE54-9A1E7A4F7556}") = "Capsium.Linux", "Capsium.Linux\Capsium.Linux.csproj", "{1245E2CD-6045-4830-A0FE-29BBC38C4870}"
EndProject
Project("{9A19103F-16F7-4668-BE54-9A1E7A4F7556}") = "Capsium.Simulation", "Capsium.Simulation\Capsium.Simulation.csproj", "{983587B6-41A7-4562-A5ED-05CE6BC9057C}"
EndProject
Project("{9A19103F-16F7-4668-BE54-9A1E7A4F7556}") = "Capsium.Windows", "Capsium.Windows\Capsium.Windows.csproj", "{B4CD0256-2363-46E8-B158-CC23E1406126}"
EndProject
Project("{2150E333-8FDC-42A3-9474-1A3956D46DE8}") = "UI", "UI", "{518FA790-0D18-4E54-9022-097861FA89E2}"
EndProject
Project("{9A19103F-16F7-4668-BE54-9A1E7A4F7556}") = "Capsium.Avalonia", "Capsium.Avalonia\Capsium.Avalonia.csproj", "{052B7A4D-C377-44B4-85BC-C0A4F8A4D0A7}"
EndProject
Project("{2150E333-8FDC-42A3-9474-1A3956D46DE8}") = "Foundation", "Foundation", "{5F43974A-F059-41DF-8F3B-C5C68C65532C}"
EndProject
Project("{9A19103F-16F7-4668-BE54-9A1E7A4F7556}") = "Capsium.Foundation.Core", "Capsium.Foundation.Core\Capsium.Foundation.Core.csproj", "{C29077FF-F362-4C68-A3D1-1A4C15E656D9}"
EndProject
Project("{2150E333-8FDC-42A3-9474-1A3956D46DE8}") = "Meadow", "Meadow", "{AF1485E8-3B74-43EC-8061-98E83892F148}"
EndProject
Project("{9A19103F-16F7-4668-BE54-9A1E7A4F7556}") = "Capsium.F7", "Capsium.F7\Capsium.F7.csproj", "{F139AE24-D929-4B7C-9253-2A6364E1A8B2}"
EndProject
Project("{FAE04EC0-301F-11D3-BF4B-00C04F79EFBC}") = "Capsium.Maui", "Capsium.Maui\Capsium.Maui.csproj", "{7CBBC8E3-E1A5-4343-B0F1-C0F620A5502A}"
EndProject
Global
	GlobalSection(SolutionConfigurationPlatforms) = preSolution
		Debug|Any CPU = Debug|Any CPU
		Release|Any CPU = Release|Any CPU
	EndGlobalSection
	GlobalSection(ProjectConfigurationPlatforms) = postSolution
		{870699B1-0688-485A-8080-64D4897C0AAE}.Debug|Any CPU.ActiveCfg = Debug|Any CPU
		{870699B1-0688-485A-8080-64D4897C0AAE}.Debug|Any CPU.Build.0 = Debug|Any CPU
		{870699B1-0688-485A-8080-64D4897C0AAE}.Release|Any CPU.ActiveCfg = Release|Any CPU
		{870699B1-0688-485A-8080-64D4897C0AAE}.Release|Any CPU.Build.0 = Release|Any CPU
		{37A7FB23-4FD2-4038-BDBB-477FF0EECD44}.Debug|Any CPU.ActiveCfg = Debug|Any CPU
		{37A7FB23-4FD2-4038-BDBB-477FF0EECD44}.Debug|Any CPU.Build.0 = Debug|Any CPU
		{37A7FB23-4FD2-4038-BDBB-477FF0EECD44}.Release|Any CPU.ActiveCfg = Release|Any CPU
		{37A7FB23-4FD2-4038-BDBB-477FF0EECD44}.Release|Any CPU.Build.0 = Release|Any CPU
		{7040606C-E69D-429A-BBDA-08C88E17152F}.Debug|Any CPU.ActiveCfg = Debug|Any CPU
		{7040606C-E69D-429A-BBDA-08C88E17152F}.Debug|Any CPU.Build.0 = Debug|Any CPU
		{7040606C-E69D-429A-BBDA-08C88E17152F}.Release|Any CPU.ActiveCfg = Release|Any CPU
		{7040606C-E69D-429A-BBDA-08C88E17152F}.Release|Any CPU.Build.0 = Release|Any CPU
		{7F80390E-3DA7-4277-811B-CD954CB51C65}.Debug|Any CPU.ActiveCfg = Debug|Any CPU
		{7F80390E-3DA7-4277-811B-CD954CB51C65}.Debug|Any CPU.Build.0 = Debug|Any CPU
		{7F80390E-3DA7-4277-811B-CD954CB51C65}.Release|Any CPU.ActiveCfg = Release|Any CPU
		{7F80390E-3DA7-4277-811B-CD954CB51C65}.Release|Any CPU.Build.0 = Release|Any CPU
		{9B37C410-6C53-4925-982B-5719018FC019}.Debug|Any CPU.ActiveCfg = Debug|Any CPU
		{9B37C410-6C53-4925-982B-5719018FC019}.Debug|Any CPU.Build.0 = Debug|Any CPU
		{9B37C410-6C53-4925-982B-5719018FC019}.Release|Any CPU.ActiveCfg = Release|Any CPU
		{9B37C410-6C53-4925-982B-5719018FC019}.Release|Any CPU.Build.0 = Release|Any CPU
		{1245E2CD-6045-4830-A0FE-29BBC38C4870}.Debug|Any CPU.ActiveCfg = Debug|Any CPU
		{1245E2CD-6045-4830-A0FE-29BBC38C4870}.Debug|Any CPU.Build.0 = Debug|Any CPU
		{1245E2CD-6045-4830-A0FE-29BBC38C4870}.Release|Any CPU.ActiveCfg = Release|Any CPU
		{1245E2CD-6045-4830-A0FE-29BBC38C4870}.Release|Any CPU.Build.0 = Release|Any CPU
		{983587B6-41A7-4562-A5ED-05CE6BC9057C}.Debug|Any CPU.ActiveCfg = Debug|Any CPU
		{983587B6-41A7-4562-A5ED-05CE6BC9057C}.Debug|Any CPU.Build.0 = Debug|Any CPU
		{983587B6-41A7-4562-A5ED-05CE6BC9057C}.Release|Any CPU.ActiveCfg = Release|Any CPU
		{983587B6-41A7-4562-A5ED-05CE6BC9057C}.Release|Any CPU.Build.0 = Release|Any CPU
		{B4CD0256-2363-46E8-B158-CC23E1406126}.Debug|Any CPU.ActiveCfg = Debug|Any CPU
		{B4CD0256-2363-46E8-B158-CC23E1406126}.Debug|Any CPU.Build.0 = Debug|Any CPU
		{B4CD0256-2363-46E8-B158-CC23E1406126}.Release|Any CPU.ActiveCfg = Release|Any CPU
		{B4CD0256-2363-46E8-B158-CC23E1406126}.Release|Any CPU.Build.0 = Release|Any CPU
		{052B7A4D-C377-44B4-85BC-C0A4F8A4D0A7}.Debug|Any CPU.ActiveCfg = Debug|Any CPU
		{052B7A4D-C377-44B4-85BC-C0A4F8A4D0A7}.Debug|Any CPU.Build.0 = Debug|Any CPU
		{052B7A4D-C377-44B4-85BC-C0A4F8A4D0A7}.Release|Any CPU.ActiveCfg = Release|Any CPU
		{052B7A4D-C377-44B4-85BC-C0A4F8A4D0A7}.Release|Any CPU.Build.0 = Release|Any CPU
		{C29077FF-F362-4C68-A3D1-1A4C15E656D9}.Debug|Any CPU.ActiveCfg = Debug|Any CPU
		{C29077FF-F362-4C68-A3D1-1A4C15E656D9}.Debug|Any CPU.Build.0 = Debug|Any CPU
		{C29077FF-F362-4C68-A3D1-1A4C15E656D9}.Release|Any CPU.ActiveCfg = Release|Any CPU
		{C29077FF-F362-4C68-A3D1-1A4C15E656D9}.Release|Any CPU.Build.0 = Release|Any CPU
		{F139AE24-D929-4B7C-9253-2A6364E1A8B2}.Debug|Any CPU.ActiveCfg = Debug|Any CPU
		{F139AE24-D929-4B7C-9253-2A6364E1A8B2}.Debug|Any CPU.Build.0 = Debug|Any CPU
		{F139AE24-D929-4B7C-9253-2A6364E1A8B2}.Release|Any CPU.ActiveCfg = Release|Any CPU
		{F139AE24-D929-4B7C-9253-2A6364E1A8B2}.Release|Any CPU.Build.0 = Release|Any CPU
		{7CBBC8E3-E1A5-4343-B0F1-C0F620A5502A}.Debug|Any CPU.ActiveCfg = Debug|Any CPU
		{7CBBC8E3-E1A5-4343-B0F1-C0F620A5502A}.Debug|Any CPU.Build.0 = Debug|Any CPU
		{7CBBC8E3-E1A5-4343-B0F1-C0F620A5502A}.Release|Any CPU.ActiveCfg = Release|Any CPU
		{7CBBC8E3-E1A5-4343-B0F1-C0F620A5502A}.Release|Any CPU.Build.0 = Release|Any CPU
	EndGlobalSection
	GlobalSection(SolutionProperties) = preSolution
		HideSolutionNode = FALSE
	EndGlobalSection
	GlobalSection(NestedProjects) = preSolution
		{870699B1-0688-485A-8080-64D4897C0AAE} = {73772C68-EF2D-41C1-9F91-2FCAF9BC8DA9}
		{37A7FB23-4FD2-4038-BDBB-477FF0EECD44} = {73772C68-EF2D-41C1-9F91-2FCAF9BC8DA9}
		{7040606C-E69D-429A-BBDA-08C88E17152F} = {73772C68-EF2D-41C1-9F91-2FCAF9BC8DA9}
		{7F80390E-3DA7-4277-811B-CD954CB51C65} = {16973FE6-7D7D-4E90-8445-5DF1203A9533}
		{9B37C410-6C53-4925-982B-5719018FC019} = {5D6B2C4C-CAC3-4194-A407-75AA827AC639}
		{EED328B0-BBC0-43E0-AA72-6196FB80C2EF} = {B5682564-9188-41A7-A865-7DE74753F941}
		{C05AA01F-5007-4D8A-AD1E-DD6B559D2BDD} = {B5682564-9188-41A7-A865-7DE74753F941}
		{FBE3CD53-D08A-4AA0-B1CA-C45026963B58} = {B5682564-9188-41A7-A865-7DE74753F941}
		{1245E2CD-6045-4830-A0FE-29BBC38C4870} = {EED328B0-BBC0-43E0-AA72-6196FB80C2EF}
		{983587B6-41A7-4562-A5ED-05CE6BC9057C} = {FBE3CD53-D08A-4AA0-B1CA-C45026963B58}
		{B4CD0256-2363-46E8-B158-CC23E1406126} = {C05AA01F-5007-4D8A-AD1E-DD6B559D2BDD}
		{052B7A4D-C377-44B4-85BC-C0A4F8A4D0A7} = {518FA790-0D18-4E54-9022-097861FA89E2}
		{C29077FF-F362-4C68-A3D1-1A4C15E656D9} = {5F43974A-F059-41DF-8F3B-C5C68C65532C}
		{AF1485E8-3B74-43EC-8061-98E83892F148} = {B5682564-9188-41A7-A865-7DE74753F941}
		{F139AE24-D929-4B7C-9253-2A6364E1A8B2} = {AF1485E8-3B74-43EC-8061-98E83892F148}
		{7CBBC8E3-E1A5-4343-B0F1-C0F620A5502A} = {518FA790-0D18-4E54-9022-097861FA89E2}
	EndGlobalSection
	GlobalSection(ExtensibilityGlobals) = postSolution
		SolutionGuid = {482037F7-B031-45E5-AC65-7A1600BD2A31}
	EndGlobalSection
EndGlobal
